{
	"name": "xyplug-extract",
	"version": "2.0.4",
	"lockfileVersion": 3,
	"requires": true,
	"packages": {
		"": {
			"name": "xyplug-extract",
			"version": "2.0.4",
			"license": "MIT",
			"dependencies": {
				"@kreuzberg/node": "^4.0.0"
			},
			"bin": {
				"xyplug-extract": "index.js"
			}
		},
		"node_modules/@emnapi/runtime": {
			"version": "1.10.0",
			"resolved": "https://registry.npmjs.org/@emnapi/runtime/-/runtime-1.10.0.tgz",
			"integrity": "sha512-ewvYlk86xUoGI0zQRNq/mC+16R1QeDlKQy21Ki3oSYXNgLb45GV1P6A0M+/s6nyCuNDqe5VpaY84BzXGwVbwFA==",
			"license": "MIT",
			"dependencies": {
				"tslib": "^2.4.0"
			}
		},
		"node_modules/@kreuzberg/node": {
			"version": "4.9.9",
			"resolved": "https://registry.npmjs.org/@kreuzberg/node/-/node-4.9.9.tgz",
			"integrity": "sha512-Xnzvwnn4PQ0g8ppn/8NbwUyb7g3W/ZHVTM7ojRUOwjsMoz97vC0zIE93bF9AaSRr/qPngc+cQOJNxDSws+hViw==",
			"license": "Elastic-2.0",
			"dependencies": {
				"@emnapi/runtime": "1.10.0",
				"which": "^7.0.0"
			},
			"bin": {
				"kreuzberg": "dist/cli.js"
			},
			"engines": {
				"bun": ">= 1.3",
				"node": ">= 22"
			},
			"optionalDependencies": {
				"@kreuzberg/node-darwin-arm64": "4.9.9",
				"@kreuzberg/node-linux-arm64-gnu": "4.9.9",
				"@kreuzberg/node-linux-x64-gnu": "4.9.9",
				"@kreuzberg/node-win32-x64-msvc": "4.9.9"
			}
		},
		"node_modules/@kreuzberg/node-darwin-arm64": {
			"version": "4.9.9",
			"resolved": "https://registry.npmjs.org/@kreuzberg/node-darwin-arm64/-/node-darwin-arm64-4.9.9.tgz",
			"integrity": "sha512-Ub0ifjIIpUNS4LqV0QMv7YODGymGv3KS83KZDOD2SshEz7rnSF4FtKWA5i/FNMK03LqiD0ZtC77K6YY2Zs6qtw==",
			"cpu": [
				"arm64"
			],
			"license": "Elastic-2.0",
			"optional": true,
			"os": [
				"darwin"
			],
			"engines": {
				"bun": ">= 1.3",
				"node": ">= 22"
			}
		},
		"node_modules/@kreuzberg/node-linux-arm64-gnu": {
			"version": "4.9.9",
			"resolved": "https://registry.npmjs.org/@kreuzberg/node-linux-arm64-gnu/-/node-linux-arm64-gnu-4.9.9.tgz",
			"integrity": "sha512-nYllyQ3ZvRdDYrbqC7eAA8AFS1rGw4rHAfzbx3N24rI6l7nUZ5WC4ZqxQvRfJIAT4Uz772aGqzNNJcCy1j2B7g==",
			"cpu": [
				"arm64"
			],
			"libc": [
				"glibc"
			],
			"license": "Elastic-2.0",
			"optional": true,
			"os": [
				"linux"
			],
			"engines": {
				"bun": ">= 1.3",
				"node": ">= 22"
			}
		},
		"node_modules/@kreuzberg/node-linux-x64-gnu": {
			"version": "4.9.9",
			"resolved": "https://registry.npmjs.org/@kreuzberg/node-linux-x64-gnu/-/node-linux-x64-gnu-4.9.9.tgz",
			"integrity": "sha512-5+jIQb1A9kAls6gyaicAcjK+ir/ysmOFXhsx2y0+jAj/b2HkUDHP0/XmpAP0DWVv63p6fyqFcefAE2bV/Zj/rA==",
			"cpu": [
				"x64"
			],
			"libc": [
				"glibc"
			],
			"license": "Elastic-2.0",
			"optional": true,
			"os": [
				"linux"
			],
			"engines": {
				"bun": ">= 1.3",
				"node": ">= 22"
			}
		},
		"node_modules/@kreuzberg/node-win32-x64-msvc": {
			"version": "4.9.9",
			"resolved": "https://registry.npmjs.org/@kreuzberg/node-win32-x64-msvc/-/node-win32-x64-msvc-4.9.9.tgz",
			"integrity": "sha512-p7yNfzTz3/MnV8JkI+8I8Y+D59EioRv0JZKQxflUQoub/RFC9sbgbBRE6wwibxUFkC71Abl2JQZaObZHWs021w==",
			"cpu": [
				"x64"
			],
			"license": "Elastic-2.0",
			"optional": true,
			"os": [
				"win32"
			],
			"engines": {
				"bun": ">= 1.3",
				"node": ">= 22"
			}
		},
		"node_modules/isexe": {
			"version": "4.0.0",
			"resolved": "https://registry.npmjs.org/isexe/-/isexe-4.0.0.tgz",
			"integrity": "sha512-FFUtZMpoZ8RqHS3XeXEmHWLA4thH+ZxCv2lOiPIn1Xc7CxrqhWzNSDzD+/chS/zbYezmiwWLdQC09JdQKmthOw==",
			"license": "BlueOak-1.0.0",
			"engines": {
				"node": ">=20"
			}
		},
		"node_modules/tslib": {
			"version": "2.8.1",
			"resolved": "https://registry.npmjs.org/tslib/-/tslib-2.8.1.tgz",
			"integrity": "sha512-oJFu94HQb+KVduSUQL7wnpmqnfmLsOA/nAh6b6EH0wCEoK0/mPeXU6c3wKDV83MkOuHPRHtSXKKU99IBazS/2w==",
			"license": "0BSD"
		},
		"node_modules/which": {
			"version": "7.0.0",
			"resolved": "https://registry.npmjs.org/which/-/which-7.0.0.tgz",
			"integrity": "sha512-RancgH2dmbLdHl6LRhEqvklWMgl/Hdnun0Y90KhBOLkMefg8Qa7/Zel8Sm+8HEcP6DEjzsWzpkuBQEZok58isA==",
			"license": "ISC",
			"dependencies": {
				"isexe": "^4.0.0"
			},
			"bin": {
				"node-which": "bin/which.js"
			},
			"engines": {
				"node": "^22.22.2 || ^24.15.0 || >=26.0.0"
			}
		}
	}
}
